
Microsoft Visual Studio Solution File, Format Version 12.00
# Visual Studio Version 16
VisualStudioVersion = 16.0.31025.194
MinimumVisualStudioVersion = 10.0.40219.1
Project("{9A19103F-16F7-4668-BE54-9A1E7A4F7556}") = "ILGPUView", "ILGPUView\ILGPUView.csproj", "{B94F1E4B-D872-4028-9316-50632A726955}"
EndProject
Project("{2150E333-8FDC-42A3-9474-1A3956D46DE8}") = "ILGPU.Samples", "ILGPU.Samples", "{42193C9A-FBBA-4FC5-A4B7-14384F8D9242}"
EndProject
Project("{9A19103F-16F7-4668-BE54-9A1E7A4F7556}") = "WarpShuffle", "ILGPU.Samples\Src\WarpShuffle\WarpShuffle.csproj", "{30EF2BCF-84F9-4A75-9C05-BE9B8B458BB3}"
EndProject
Project("{9A19103F-16F7-4668-BE54-9A1E7A4F7556}") = "SpecializedKernel", "ILGPU.Samples\Src\SpecializedKernel\SpecializedKernel.csproj", "{69A3900B-FB50-4F7B-A9A3-03017C8F0923}"
EndProject
Project("{9A19103F-16F7-4668-BE54-9A1E7A4F7556}") = "SimpleViews", "ILGPU.Samples\Src\SimpleViews\SimpleViews.csproj", "{AE47EB18-F310-45B4-ACFD-7D17781C3AA1}"
EndProject
Project("{9A19103F-16F7-4668-BE54-9A1E7A4F7556}") = "SimpleStructures", "ILGPU.Samples\Src\SimpleStructures\SimpleStructures.csproj", "{6AB2FB53-903B-4468-9FA5-D8A9097D68A9}"
EndProject
Project("{9A19103F-16F7-4668-BE54-9A1E7A4F7556}") = "SimpleMath", "ILGPU.Samples\Src\SimpleMath\SimpleMath.csproj", "{432B2363-4F89-44BC-8A57-3ABBFE57CFE9}"
EndProject
Project("{9A19103F-16F7-4668-BE54-9A1E7A4F7556}") = "SimpleKernel", "ILGPU.Samples\Src\SimpleKernel\SimpleKernel.csproj", "{EE5AAA8B-CAE4-4E8D-AABF-7C13353C2C37}"
EndProject
Project("{9A19103F-16F7-4668-BE54-9A1E7A4F7556}") = "SimpleConstants", "ILGPU.Samples\Src\SimpleConstants\SimpleConstants.csproj", "{7FB7C695-5E3E-47BE-8757-BBFBFDFBFA0C}"
EndProject
Project("{9A19103F-16F7-4668-BE54-9A1E7A4F7556}") = "SimpleAtomics", "ILGPU.Samples\Src\SimpleAtomics\SimpleAtomics.csproj", "{2A23EFCF-63A5-4584-98E2-13EAD9DCAEDB}"
EndProject
Project("{9A19103F-16F7-4668-BE54-9A1E7A4F7556}") = "SimpleAlloc", "ILGPU.Samples\Src\SimpleAlloc\SimpleAlloc.csproj", "{BD9CA33F-D2A1-46B9-BEF8-0E190355907D}"
EndProject
Project("{9A19103F-16F7-4668-BE54-9A1E7A4F7556}") = "SharedMemory", "ILGPU.Samples\Src\SharedMemory\SharedMemory.csproj", "{AA9DC7C5-5A65-4F52-B0BB-CCF49791FA2A}"
EndProject
Project("{9A19103F-16F7-4668-BE54-9A1E7A4F7556}") = "PinnedMemoryCopy", "ILGPU.Samples\Src\PinnedMemoryCopy\PinnedMemoryCopy.csproj", "{4608C789-0C6C-4C97-867D-48AC8BE6A3A4}"
EndProject
Project("{9A19103F-16F7-4668-BE54-9A1E7A4F7556}") = "MatrixMultiply", "ILGPU.Samples\Src\MatrixMultiply\MatrixMultiply.csproj", "{43841570-0E70-4176-BC55-5FFE98FA6E28}"
EndProject
Project("{9A19103F-16F7-4668-BE54-9A1E7A4F7556}") = "Mandelbrot", "ILGPU.Samples\Src\Mandelbrot\Mandelbrot.csproj", "{C6257B6C-0718-4D40-A3A2-3C732EAAD5E7}"
EndProject
Project("{9A19103F-16F7-4668-BE54-9A1E7A4F7556}") = "LowLevelKernelCompilation", "ILGPU.Samples\Src\LowLevelKernelCompilation\LowLevelKernelCompilation.csproj", "{6D55DDB2-F85F-48CF-8460-990E60D5CC6A}"
EndProject
Project("{9A19103F-16F7-4668-BE54-9A1E7A4F7556}") = "IndexImplementation", "ILGPU.Samples\Src\IndexImplementation\IndexImplementation.csproj", "{A0232B31-4DF8-4C12-AA80-5D65664B35D1}"
EndProject
Project("{9A19103F-16F7-4668-BE54-9A1E7A4F7556}") = "ImplicitlyGroupedKernels", "ILGPU.Samples\Src\ImplicitlyGroupedKernels\ImplicitlyGroupedKernels.csproj", "{EFF81849-C438-4CF0-A056-ADA4C1D940B1}"
EndProject
Project("{9A19103F-16F7-4668-BE54-9A1E7A4F7556}") = "GroupGridIndices", "ILGPU.Samples\Src\GroupGridIndices\GroupGridIndices.csproj", "{9CEA600B-0E29-4E92-A380-D1388B42ACEB}"
EndProject
Project("{9A19103F-16F7-4668-BE54-9A1E7A4F7556}") = "GenericKernel", "ILGPU.Samples\Src\GenericKernel\GenericKernel.csproj", "{BC6F2EDF-63B6-4A25-9127-B9331C22DC56}"
EndProject
Project("{9A19103F-16F7-4668-BE54-9A1E7A4F7556}") = "ExplicitlyGroupedKernels", "ILGPU.Samples\Src\ExplicitlyGroupedKernels\ExplicitlyGroupedKernels.csproj", "{D8A0BCE3-4946-4E51-ABB3-284AA965235E}"
EndProject
Project("{9A19103F-16F7-4668-BE54-9A1E7A4F7556}") = "EmptyAlgorithms", "ILGPU.Samples\Src\EmptyAlgorithms\EmptyAlgorithms.csproj", "{8802B707-F6AC-41C5-B5D0-0AC07EE1879B}"
EndProject
Project("{9A19103F-16F7-4668-BE54-9A1E7A4F7556}") = "Empty", "ILGPU.Samples\Src\Empty\Empty.csproj", "{8D45FC89-3FAA-4862-A624-D7A3CA4102D4}"
EndProject
Project("{9A19103F-16F7-4668-BE54-9A1E7A4F7556}") = "DynamicSharedMemory", "ILGPU.Samples\Src\DynamicSharedMemory\DynamicSharedMemory.csproj", "{C286C5C0-871D-4EFA-AA7D-FAC18114E0D4}"
EndProject
Project("{9A19103F-16F7-4668-BE54-9A1E7A4F7556}") = "DeviceInfo", "ILGPU.Samples\Src\DeviceInfo\DeviceInfo.csproj", "{9F25CC0C-5DEA-49F0-8A8E-1B9B7B2FEA67}"
EndProject
Project("{9A19103F-16F7-4668-BE54-9A1E7A4F7556}") = "CustomIntrinsics", "ILGPU.Samples\Src\CustomIntrinsics\CustomIntrinsics.csproj", "{C0AAD781-5D89-46EE-A70E-7C734E83D3E5}"
EndProject
Project("{9A19103F-16F7-4668-BE54-9A1E7A4F7556}") = "AlgorithmsWarps", "ILGPU.Samples\Src\AlgorithmsWarps\AlgorithmsWarps.csproj", "{106C2D08-2C7F-4FBE-ABB0-CB1C98549895}"
EndProject
Project("{9A19103F-16F7-4668-BE54-9A1E7A4F7556}") = "AlgorithmsTransform", "ILGPU.Samples\Src\AlgorithmsTransform\AlgorithmsTransform.csproj", "{CBFD797A-0881-4676-8019-73B9A7353542}"
EndProject
Project("{9A19103F-16F7-4668-BE54-9A1E7A4F7556}") = "AlgorithmsSequence", "ILGPU.Samples\Src\AlgorithmsSequence\AlgorithmsSequence.csproj", "{2F9D0E7D-DFF6-46E9-8851-D054DB804F2B}"
EndProject
Project("{9A19103F-16F7-4668-BE54-9A1E7A4F7556}") = "AlgorithmsScan", "ILGPU.Samples\Src\AlgorithmsScan\AlgorithmsScan.csproj", "{2049DE13-9857-47B6-A4A5-9CB4F0965BA1}"
EndProject
Project("{9A19103F-16F7-4668-BE54-9A1E7A4F7556}") = "AlgorithmsReduce", "ILGPU.Samples\Src\AlgorithmsReduce\AlgorithmsReduce.csproj", "{A0D09C8B-A003-473D-95AF-03E32F9C5B92}"
EndProject
Project("{9A19103F-16F7-4668-BE54-9A1E7A4F7556}") = "AlgorithmsRadixSort", "ILGPU.Samples\Src\AlgorithmsRadixSort\AlgorithmsRadixSort.csproj", "{5E5A5C2B-74C9-4AE7-89B6-40C037CEF83E}"
EndProject
Project("{9A19103F-16F7-4668-BE54-9A1E7A4F7556}") = "AlgorithmsMath", "ILGPU.Samples\Src\AlgorithmsMath\AlgorithmsMath.csproj", "{B59E78BC-4CAC-4D37-ADC6-6149E4F6A88B}"
EndProject
Project("{9A19103F-16F7-4668-BE54-9A1E7A4F7556}") = "AlgorithmsInitialize", "ILGPU.Samples\Src\AlgorithmsInitialize\AlgorithmsInitialize.csproj", "{FA279717-D23E-4EAE-AB73-F99C01896D83}"
EndProject
Project("{9A19103F-16F7-4668-BE54-9A1E7A4F7556}") = "AlgorithmsGroups", "ILGPU.Samples\Src\AlgorithmsGroups\AlgorithmsGroups.csproj", "{AFFD49FB-CB71-497D-9459-6F21F35DC208}"
EndProject
Project("{9A19103F-16F7-4668-BE54-9A1E7A4F7556}") = "AlgorithmsCuBlas", "ILGPU.Samples\Src\AlgorithmsCuBlas\AlgorithmsCuBlas.csproj", "{F30C70C3-E2C7-4C15-B5C1-8534E90465B7}"
EndProject
Project("{9A19103F-16F7-4668-BE54-9A1E7A4F7556}") = "AdvancedViews", "ILGPU.Samples\Src\AdvancedViews\AdvancedViews.csproj", "{5D9187E3-9896-404B-8AAF-8C81CD0B5C01}"
EndProject
Project("{9A19103F-16F7-4668-BE54-9A1E7A4F7556}") = "AdvancedAtomics", "ILGPU.Samples\Src\AdvancedAtomics\AdvancedAtomics.csproj", "{07D95E6F-13B9-42EC-907B-58E74B92F44B}"
EndProject
Project("{9A19103F-16F7-4668-BE54-9A1E7A4F7556}") = "AdjustableSharedMemory", "ILGPU.Samples\Src\AdjustableSharedMemory\AdjustableSharedMemory.csproj", "{248AF517-EE72-4304-93A4-A7A5199CA7DE}"
EndProject
Global
	GlobalSection(SolutionConfigurationPlatforms) = preSolution
		Debug|Any CPU = Debug|Any CPU
		Debug|x64 = Debug|x64
		Release|Any CPU = Release|Any CPU
		Release|x64 = Release|x64
	EndGlobalSection
	GlobalSection(ProjectConfigurationPlatforms) = postSolution
		{B94F1E4B-D872-4028-9316-50632A726955}.Debug|Any CPU.ActiveCfg = Debug|Any CPU
		{B94F1E4B-D872-4028-9316-50632A726955}.Debug|Any CPU.Build.0 = Debug|Any CPU
		{B94F1E4B-D872-4028-9316-50632A726955}.Debug|x64.ActiveCfg = Debug|x64
		{B94F1E4B-D872-4028-9316-50632A726955}.Debug|x64.Build.0 = Debug|x64
		{B94F1E4B-D872-4028-9316-50632A726955}.Release|Any CPU.ActiveCfg = Release|Any CPU
		{B94F1E4B-D872-4028-9316-50632A726955}.Release|Any CPU.Build.0 = Release|Any CPU
		{B94F1E4B-D872-4028-9316-50632A726955}.Release|x64.ActiveCfg = Release|x64
		{B94F1E4B-D872-4028-9316-50632A726955}.Release|x64.Build.0 = Release|x64
		{30EF2BCF-84F9-4A75-9C05-BE9B8B458BB3}.Debug|Any CPU.ActiveCfg = Debug|Any CPU
		{30EF2BCF-84F9-4A75-9C05-BE9B8B458BB3}.Debug|Any CPU.Build.0 = Debug|Any CPU
		{30EF2BCF-84F9-4A75-9C05-BE9B8B458BB3}.Debug|x64.ActiveCfg = Debug|Any CPU
		{30EF2BCF-84F9-4A75-9C05-BE9B8B458BB3}.Debug|x64.Build.0 = Debug|Any CPU
		{30EF2BCF-84F9-4A75-9C05-BE9B8B458BB3}.Release|Any CPU.ActiveCfg = Release|Any CPU
		{30EF2BCF-84F9-4A75-9C05-BE9B8B458BB3}.Release|Any CPU.Build.0 = Release|Any CPU
		{30EF2BCF-84F9-4A75-9C05-BE9B8B458BB3}.Release|x64.ActiveCfg = Release|Any CPU
		{30EF2BCF-84F9-4A75-9C05-BE9B8B458BB3}.Release|x64.Build.0 = Release|Any CPU
		{69A3900B-FB50-4F7B-A9A3-03017C8F0923}.Debug|Any CPU.ActiveCfg = Debug|Any CPU
		{69A3900B-FB50-4F7B-A9A3-03017C8F0923}.Debug|Any CPU.Build.0 = Debug|Any CPU
		{69A3900B-FB50-4F7B-A9A3-03017C8F0923}.Debug|x64.ActiveCfg = Debug|Any CPU
		{69A3900B-FB50-4F7B-A9A3-03017C8F0923}.Debug|x64.Build.0 = Debug|Any CPU
		{69A3900B-FB50-4F7B-A9A3-03017C8F0923}.Release|Any CPU.ActiveCfg = Release|Any CPU
		{69A3900B-FB50-4F7B-A9A3-03017C8F0923}.Release|Any CPU.Build.0 = Release|Any CPU
		{69A3900B-FB50-4F7B-A9A3-03017C8F0923}.Release|x64.ActiveCfg = Release|Any CPU
		{69A3900B-FB50-4F7B-A9A3-03017C8F0923}.Release|x64.Build.0 = Release|Any CPU
		{AE47EB18-F310-45B4-ACFD-7D17781C3AA1}.Debug|Any CPU.ActiveCfg = Debug|Any CPU
		{AE47EB18-F310-45B4-ACFD-7D17781C3AA1}.Debug|Any CPU.Build.0 = Debug|Any CPU
		{AE47EB18-F310-45B4-ACFD-7D17781C3AA1}.Debug|x64.ActiveCfg = Debug|Any CPU
		{AE47EB18-F310-45B4-ACFD-7D17781C3AA1}.Debug|x64.Build.0 = Debug|Any CPU
		{AE47EB18-F310-45B4-ACFD-7D17781C3AA1}.Release|Any CPU.ActiveCfg = Release|Any CPU
		{AE47EB18-F310-45B4-ACFD-7D17781C3AA1}.Release|Any CPU.Build.0 = Release|Any CPU
		{AE47EB18-F310-45B4-ACFD-7D17781C3AA1}.Release|x64.ActiveCfg = Release|Any CPU
		{AE47EB18-F310-45B4-ACFD-7D17781C3AA1}.Release|x64.Build.0 = Release|Any CPU
		{6AB2FB53-903B-4468-9FA5-D8A9097D68A9}.Debug|Any CPU.ActiveCfg = Debug|Any CPU
		{6AB2FB53-903B-4468-9FA5-D8A9097D68A9}.Debug|Any CPU.Build.0 = Debug|Any CPU
		{6AB2FB53-903B-4468-9FA5-D8A9097D68A9}.Debug|x64.ActiveCfg = Debug|Any CPU
		{6AB2FB53-903B-4468-9FA5-D8A9097D68A9}.Debug|x64.Build.0 = Debug|Any CPU
		{6AB2FB53-903B-4468-9FA5-D8A9097D68A9}.Release|Any CPU.ActiveCfg = Release|Any CPU
		{6AB2FB53-903B-4468-9FA5-D8A9097D68A9}.Release|Any CPU.Build.0 = Release|Any CPU
		{6AB2FB53-903B-4468-9FA5-D8A9097D68A9}.Release|x64.ActiveCfg = Release|Any CPU
		{6AB2FB53-903B-4468-9FA5-D8A9097D68A9}.Release|x64.Build.0 = Release|Any CPU
		{432B2363-4F89-44BC-8A57-3ABBFE57CFE9}.Debug|Any CPU.ActiveCfg = Debug|Any CPU
		{432B2363-4F89-44BC-8A57-3ABBFE57CFE9}.Debug|Any CPU.Build.0 = Debug|Any CPU
		{432B2363-4F89-44BC-8A57-3ABBFE57CFE9}.Debug|x64.ActiveCfg = Debug|Any CPU
		{432B2363-4F89-44BC-8A57-3ABBFE57CFE9}.Debug|x64.Build.0 = Debug|Any CPU
		{432B2363-4F89-44BC-8A57-3ABBFE57CFE9}.Release|Any CPU.ActiveCfg = Release|Any CPU
		{432B2363-4F89-44BC-8A57-3ABBFE57CFE9}.Release|Any CPU.Build.0 = Release|Any CPU
		{432B2363-4F89-44BC-8A57-3ABBFE57CFE9}.Release|x64.ActiveCfg = Release|Any CPU
		{432B2363-4F89-44BC-8A57-3ABBFE57CFE9}.Release|x64.Build.0 = Release|Any CPU
		{EE5AAA8B-CAE4-4E8D-AABF-7C13353C2C37}.Debug|Any CPU.ActiveCfg = Debug|Any CPU
		{EE5AAA8B-CAE4-4E8D-AABF-7C13353C2C37}.Debug|Any CPU.Build.0 = Debug|Any CPU
		{EE5AAA8B-CAE4-4E8D-AABF-7C13353C2C37}.Debug|x64.ActiveCfg = Debug|Any CPU
		{EE5AAA8B-CAE4-4E8D-AABF-7C13353C2C37}.Debug|x64.Build.0 = Debug|Any CPU
		{EE5AAA8B-CAE4-4E8D-AABF-7C13353C2C37}.Release|Any CPU.ActiveCfg = Release|Any CPU
		{EE5AAA8B-CAE4-4E8D-AABF-7C13353C2C37}.Release|Any CPU.Build.0 = Release|Any CPU
		{EE5AAA8B-CAE4-4E8D-AABF-7C13353C2C37}.Release|x64.ActiveCfg = Release|Any CPU
		{EE5AAA8B-CAE4-4E8D-AABF-7C13353C2C37}.Release|x64.Build.0 = Release|Any CPU
		{7FB7C695-5E3E-47BE-8757-BBFBFDFBFA0C}.Debug|Any CPU.ActiveCfg = Debug|Any CPU
		{7FB7C695-5E3E-47BE-8757-BBFBFDFBFA0C}.Debug|Any CPU.Build.0 = Debug|Any CPU
		{7FB7C695-5E3E-47BE-8757-BBFBFDFBFA0C}.Debug|x64.ActiveCfg = Debug|Any CPU
		{7FB7C695-5E3E-47BE-8757-BBFBFDFBFA0C}.Debug|x64.Build.0 = Debug|Any CPU
		{7FB7C695-5E3E-47BE-8757-BBFBFDFBFA0C}.Release|Any CPU.ActiveCfg = Release|Any CPU
		{7FB7C695-5E3E-47BE-8757-BBFBFDFBFA0C}.Release|Any CPU.Build.0 = Release|Any CPU
		{7FB7C695-5E3E-47BE-8757-BBFBFDFBFA0C}.Release|x64.ActiveCfg = Release|Any CPU
		{7FB7C695-5E3E-47BE-8757-BBFBFDFBFA0C}.Release|x64.Build.0 = Release|Any CPU
		{2A23EFCF-63A5-4584-98E2-13EAD9DCAEDB}.Debug|Any CPU.ActiveCfg = Debug|Any CPU
		{2A23EFCF-63A5-4584-98E2-13EAD9DCAEDB}.Debug|Any CPU.Build.0 = Debug|Any CPU
		{2A23EFCF-63A5-4584-98E2-13EAD9DCAEDB}.Debug|x64.ActiveCfg = Debug|Any CPU
		{2A23EFCF-63A5-4584-98E2-13EAD9DCAEDB}.Debug|x64.Build.0 = Debug|Any CPU
		{2A23EFCF-63A5-4584-98E2-13EAD9DCAEDB}.Release|Any CPU.ActiveCfg = Release|Any CPU
		{2A23EFCF-63A5-4584-98E2-13EAD9DCAEDB}.Release|Any CPU.Build.0 = Release|Any CPU
		{2A23EFCF-63A5-4584-98E2-13EAD9DCAEDB}.Release|x64.ActiveCfg = Release|Any CPU
		{2A23EFCF-63A5-4584-98E2-13EAD9DCAEDB}.Release|x64.Build.0 = Release|Any CPU
		{BD9CA33F-D2A1-46B9-BEF8-0E190355907D}.Debug|Any CPU.ActiveCfg = Debug|Any CPU
		{BD9CA33F-D2A1-46B9-BEF8-0E190355907D}.Debug|Any CPU.Build.0 = Debug|Any CPU
		{BD9CA33F-D2A1-46B9-BEF8-0E190355907D}.Debug|x64.ActiveCfg = Debug|Any CPU
		{BD9CA33F-D2A1-46B9-BEF8-0E190355907D}.Debug|x64.Build.0 = Debug|Any CPU
		{BD9CA33F-D2A1-46B9-BEF8-0E190355907D}.Release|Any CPU.ActiveCfg = Release|Any CPU
		{BD9CA33F-D2A1-46B9-BEF8-0E190355907D}.Release|Any CPU.Build.0 = Release|Any CPU
		{BD9CA33F-D2A1-46B9-BEF8-0E190355907D}.Release|x64.ActiveCfg = Release|Any CPU
		{BD9CA33F-D2A1-46B9-BEF8-0E190355907D}.Release|x64.Build.0 = Release|Any CPU
		{AA9DC7C5-5A65-4F52-B0BB-CCF49791FA2A}.Debug|Any CPU.ActiveCfg = Debug|Any CPU
		{AA9DC7C5-5A65-4F52-B0BB-CCF49791FA2A}.Debug|Any CPU.Build.0 = Debug|Any CPU
		{AA9DC7C5-5A65-4F52-B0BB-CCF49791FA2A}.Debug|x64.ActiveCfg = Debug|Any CPU
		{AA9DC7C5-5A65-4F52-B0BB-CCF49791FA2A}.Debug|x64.Build.0 = Debug|Any CPU
		{AA9DC7C5-5A65-4F52-B0BB-CCF49791FA2A}.Release|Any CPU.ActiveCfg = Release|Any CPU
		{AA9DC7C5-5A65-4F52-B0BB-CCF49791FA2A}.Release|Any CPU.Build.0 = Release|Any CPU
		{AA9DC7C5-5A65-4F52-B0BB-CCF49791FA2A}.Release|x64.ActiveCfg = Release|Any CPU
		{AA9DC7C5-5A65-4F52-B0BB-CCF49791FA2A}.Release|x64.Build.0 = Release|Any CPU
		{4608C789-0C6C-4C97-867D-48AC8BE6A3A4}.Debug|Any CPU.ActiveCfg = Debug|Any CPU
		{4608C789-0C6C-4C97-867D-48AC8BE6A3A4}.Debug|Any CPU.Build.0 = Debug|Any CPU
		{4608C789-0C6C-4C97-867D-48AC8BE6A3A4}.Debug|x64.ActiveCfg = Debug|Any CPU
		{4608C789-0C6C-4C97-867D-48AC8BE6A3A4}.Debug|x64.Build.0 = Debug|Any CPU
		{4608C789-0C6C-4C97-867D-48AC8BE6A3A4}.Release|Any CPU.ActiveCfg = Release|Any CPU
		{4608C789-0C6C-4C97-867D-48AC8BE6A3A4}.Release|Any CPU.Build.0 = Release|Any CPU
		{4608C789-0C6C-4C97-867D-48AC8BE6A3A4}.Release|x64.ActiveCfg = Release|Any CPU
		{4608C789-0C6C-4C97-867D-48AC8BE6A3A4}.Release|x64.Build.0 = Release|Any CPU
		{43841570-0E70-4176-BC55-5FFE98FA6E28}.Debug|Any CPU.ActiveCfg = Debug|Any CPU
		{43841570-0E70-4176-BC55-5FFE98FA6E28}.Debug|Any CPU.Build.0 = Debug|Any CPU
		{43841570-0E70-4176-BC55-5FFE98FA6E28}.Debug|x64.ActiveCfg = Debug|Any CPU
		{43841570-0E70-4176-BC55-5FFE98FA6E28}.Debug|x64.Build.0 = Debug|Any CPU
		{43841570-0E70-4176-BC55-5FFE98FA6E28}.Release|Any CPU.ActiveCfg = Release|Any CPU
		{43841570-0E70-4176-BC55-5FFE98FA6E28}.Release|Any CPU.Build.0 = Release|Any CPU
		{43841570-0E70-4176-BC55-5FFE98FA6E28}.Release|x64.ActiveCfg = Release|Any CPU
		{43841570-0E70-4176-BC55-5FFE98FA6E28}.Release|x64.Build.0 = Release|Any CPU
		{C6257B6C-0718-4D40-A3A2-3C732EAAD5E7}.Debug|Any CPU.ActiveCfg = Debug|Any CPU
		{C6257B6C-0718-4D40-A3A2-3C732EAAD5E7}.Debug|Any CPU.Build.0 = Debug|Any CPU
		{C6257B6C-0718-4D40-A3A2-3C732EAAD5E7}.Debug|x64.ActiveCfg = Debug|Any CPU
		{C6257B6C-0718-4D40-A3A2-3C732EAAD5E7}.Debug|x64.Build.0 = Debug|Any CPU
		{C6257B6C-0718-4D40-A3A2-3C732EAAD5E7}.Release|Any CPU.ActiveCfg = Release|Any CPU
		{C6257B6C-0718-4D40-A3A2-3C732EAAD5E7}.Release|Any CPU.Build.0 = Release|Any CPU
		{C6257B6C-0718-4D40-A3A2-3C732EAAD5E7}.Release|x64.ActiveCfg = Release|Any CPU
		{C6257B6C-0718-4D40-A3A2-3C732EAAD5E7}.Release|x64.Build.0 = Release|Any CPU
		{6D55DDB2-F85F-48CF-8460-990E60D5CC6A}.Debug|Any CPU.ActiveCfg = Debug|Any CPU
		{6D55DDB2-F85F-48CF-8460-990E60D5CC6A}.Debug|Any CPU.Build.0 = Debug|Any CPU
		{6D55DDB2-F85F-48CF-8460-990E60D5CC6A}.Debug|x64.ActiveCfg = Debug|Any CPU
		{6D55DDB2-F85F-48CF-8460-990E60D5CC6A}.Debug|x64.Build.0 = Debug|Any CPU
		{6D55DDB2-F85F-48CF-8460-990E60D5CC6A}.Release|Any CPU.ActiveCfg = Release|Any CPU
		{6D55DDB2-F85F-48CF-8460-990E60D5CC6A}.Release|Any CPU.Build.0 = Release|Any CPU
		{6D55DDB2-F85F-48CF-8460-990E60D5CC6A}.Release|x64.ActiveCfg = Release|Any CPU
		{6D55DDB2-F85F-48CF-8460-990E60D5CC6A}.Release|x64.Build.0 = Release|Any CPU
		{A0232B31-4DF8-4C12-AA80-5D65664B35D1}.Debug|Any CPU.ActiveCfg = Debug|Any CPU
		{A0232B31-4DF8-4C12-AA80-5D65664B35D1}.Debug|Any CPU.Build.0 = Debug|Any CPU
		{A0232B31-4DF8-4C12-AA80-5D65664B35D1}.Debug|x64.ActiveCfg = Debug|Any CPU
		{A0232B31-4DF8-4C12-AA80-5D65664B35D1}.Debug|x64.Build.0 = Debug|Any CPU
		{A0232B31-4DF8-4C12-AA80-5D65664B35D1}.Release|Any CPU.ActiveCfg = Release|Any CPU
		{A0232B31-4DF8-4C12-AA80-5D65664B35D1}.Release|Any CPU.Build.0 = Release|Any CPU
		{A0232B31-4DF8-4C12-AA80-5D65664B35D1}.Release|x64.ActiveCfg = Release|Any CPU
		{A0232B31-4DF8-4C12-AA80-5D65664B35D1}.Release|x64.Build.0 = Release|Any CPU
		{EFF81849-C438-4CF0-A056-ADA4C1D940B1}.Debug|Any CPU.ActiveCfg = Debug|Any CPU
		{EFF81849-C438-4CF0-A056-ADA4C1D940B1}.Debug|Any CPU.Build.0 = Debug|Any CPU
		{EFF81849-C438-4CF0-A056-ADA4C1D940B1}.Debug|x64.ActiveCfg = Debug|Any CPU
		{EFF81849-C438-4CF0-A056-ADA4C1D940B1}.Debug|x64.Build.0 = Debug|Any CPU
		{EFF81849-C438-4CF0-A056-ADA4C1D940B1}.Release|Any CPU.ActiveCfg = Release|Any CPU
		{EFF81849-C438-4CF0-A056-ADA4C1D940B1}.Release|Any CPU.Build.0 = Release|Any CPU
		{EFF81849-C438-4CF0-A056-ADA4C1D940B1}.Release|x64.ActiveCfg = Release|Any CPU
		{EFF81849-C438-4CF0-A056-ADA4C1D940B1}.Release|x64.Build.0 = Release|Any CPU
		{9CEA600B-0E29-4E92-A380-D1388B42ACEB}.Debug|Any CPU.ActiveCfg = Debug|Any CPU
		{9CEA600B-0E29-4E92-A380-D1388B42ACEB}.Debug|Any CPU.Build.0 = Debug|Any CPU
		{9CEA600B-0E29-4E92-A380-D1388B42ACEB}.Debug|x64.ActiveCfg = Debug|Any CPU
		{9CEA600B-0E29-4E92-A380-D1388B42ACEB}.Debug|x64.Build.0 = Debug|Any CPU
		{9CEA600B-0E29-4E92-A380-D1388B42ACEB}.Release|Any CPU.ActiveCfg = Release|Any CPU
		{9CEA600B-0E29-4E92-A380-D1388B42ACEB}.Release|Any CPU.Build.0 = Release|Any CPU
		{9CEA600B-0E29-4E92-A380-D1388B42ACEB}.Release|x64.ActiveCfg = Release|Any CPU
		{9CEA600B-0E29-4E92-A380-D1388B42ACEB}.Release|x64.Build.0 = Release|Any CPU
		{BC6F2EDF-63B6-4A25-9127-B9331C22DC56}.Debug|Any CPU.ActiveCfg = Debug|Any CPU
		{BC6F2EDF-63B6-4A25-9127-B9331C22DC56}.Debug|Any CPU.Build.0 = Debug|Any CPU
		{BC6F2EDF-63B6-4A25-9127-B9331C22DC56}.Debug|x64.ActiveCfg = Debug|Any CPU
		{BC6F2EDF-63B6-4A25-9127-B9331C22DC56}.Debug|x64.Build.0 = Debug|Any CPU
		{BC6F2EDF-63B6-4A25-9127-B9331C22DC56}.Release|Any CPU.ActiveCfg = Release|Any CPU
		{BC6F2EDF-63B6-4A25-9127-B9331C22DC56}.Release|Any CPU.Build.0 = Release|Any CPU
		{BC6F2EDF-63B6-4A25-9127-B9331C22DC56}.Release|x64.ActiveCfg = Release|Any CPU
		{BC6F2EDF-63B6-4A25-9127-B9331C22DC56}.Release|x64.Build.0 = Release|Any CPU
		{D8A0BCE3-4946-4E51-ABB3-284AA965235E}.Debug|Any CPU.ActiveCfg = Debug|Any CPU
		{D8A0BCE3-4946-4E51-ABB3-284AA965235E}.Debug|Any CPU.Build.0 = Debug|Any CPU
		{D8A0BCE3-4946-4E51-ABB3-284AA965235E}.Debug|x64.ActiveCfg = Debug|Any CPU
		{D8A0BCE3-4946-4E51-ABB3-284AA965235E}.Debug|x64.Build.0 = Debug|Any CPU
		{D8A0BCE3-4946-4E51-ABB3-284AA965235E}.Release|Any CPU.ActiveCfg = Release|Any CPU
		{D8A0BCE3-4946-4E51-ABB3-284AA965235E}.Release|Any CPU.Build.0 = Release|Any CPU
		{D8A0BCE3-4946-4E51-ABB3-284AA965235E}.Release|x64.ActiveCfg = Release|Any CPU
		{D8A0BCE3-4946-4E51-ABB3-284AA965235E}.Release|x64.Build.0 = Release|Any CPU
		{8802B707-F6AC-41C5-B5D0-0AC07EE1879B}.Debug|Any CPU.ActiveCfg = Debug|Any CPU
		{8802B707-F6AC-41C5-B5D0-0AC07EE1879B}.Debug|Any CPU.Build.0 = Debug|Any CPU
		{8802B707-F6AC-41C5-B5D0-0AC07EE1879B}.Debug|x64.ActiveCfg = Debug|Any CPU
		{8802B707-F6AC-41C5-B5D0-0AC07EE1879B}.Debug|x64.Build.0 = Debug|Any CPU
		{8802B707-F6AC-41C5-B5D0-0AC07EE1879B}.Release|Any CPU.ActiveCfg = Release|Any CPU
		{8802B707-F6AC-41C5-B5D0-0AC07EE1879B}.Release|Any CPU.Build.0 = Release|Any CPU
		{8802B707-F6AC-41C5-B5D0-0AC07EE1879B}.Release|x64.ActiveCfg = Release|Any CPU
		{8802B707-F6AC-41C5-B5D0-0AC07EE1879B}.Release|x64.Build.0 = Release|Any CPU
		{8D45FC89-3FAA-4862-A624-D7A3CA4102D4}.Debug|Any CPU.ActiveCfg = Debug|Any CPU
		{8D45FC89-3FAA-4862-A624-D7A3CA4102D4}.Debug|Any CPU.Build.0 = Debug|Any CPU
		{8D45FC89-3FAA-4862-A624-D7A3CA4102D4}.Debug|x64.ActiveCfg = Debug|Any CPU
		{8D45FC89-3FAA-4862-A624-D7A3CA4102D4}.Debug|x64.Build.0 = Debug|Any CPU
		{8D45FC89-3FAA-4862-A624-D7A3CA4102D4}.Release|Any CPU.ActiveCfg = Release|Any CPU
		{8D45FC89-3FAA-4862-A624-D7A3CA4102D4}.Release|Any CPU.Build.0 = Release|Any CPU
		{8D45FC89-3FAA-4862-A624-D7A3CA4102D4}.Release|x64.ActiveCfg = Release|Any CPU
		{8D45FC89-3FAA-4862-A624-D7A3CA4102D4}.Release|x64.Build.0 = Release|Any CPU
		{C286C5C0-871D-4EFA-AA7D-FAC18114E0D4}.Debug|Any CPU.ActiveCfg = Debug|Any CPU
		{C286C5C0-871D-4EFA-AA7D-FAC18114E0D4}.Debug|Any CPU.Build.0 = Debug|Any CPU
		{C286C5C0-871D-4EFA-AA7D-FAC18114E0D4}.Debug|x64.ActiveCfg = Debug|Any CPU
		{C286C5C0-871D-4EFA-AA7D-FAC18114E0D4}.Debug|x64.Build.0 = Debug|Any CPU
		{C286C5C0-871D-4EFA-AA7D-FAC18114E0D4}.Release|Any CPU.ActiveCfg = Release|Any CPU
		{C286C5C0-871D-4EFA-AA7D-FAC18114E0D4}.Release|Any CPU.Build.0 = Release|Any CPU
		{C286C5C0-871D-4EFA-AA7D-FAC18114E0D4}.Release|x64.ActiveCfg = Release|Any CPU
		{C286C5C0-871D-4EFA-AA7D-FAC18114E0D4}.Release|x64.Build.0 = Release|Any CPU
		{9F25CC0C-5DEA-49F0-8A8E-1B9B7B2FEA67}.Debug|Any CPU.ActiveCfg = Debug|Any CPU
		{9F25CC0C-5DEA-49F0-8A8E-1B9B7B2FEA67}.Debug|Any CPU.Build.0 = Debug|Any CPU
		{9F25CC0C-5DEA-49F0-8A8E-1B9B7B2FEA67}.Debug|x64.ActiveCfg = Debug|Any CPU
		{9F25CC0C-5DEA-49F0-8A8E-1B9B7B2FEA67}.Debug|x64.Build.0 = Debug|Any CPU
		{9F25CC0C-5DEA-49F0-8A8E-1B9B7B2FEA67}.Release|Any CPU.ActiveCfg = Release|Any CPU
		{9F25CC0C-5DEA-49F0-8A8E-1B9B7B2FEA67}.Release|Any CPU.Build.0 = Release|Any CPU
		{9F25CC0C-5DEA-49F0-8A8E-1B9B7B2FEA67}.Release|x64.ActiveCfg = Release|Any CPU
		{9F25CC0C-5DEA-49F0-8A8E-1B9B7B2FEA67}.Release|x64.Build.0 = Release|Any CPU
		{C0AAD781-5D89-46EE-A70E-7C734E83D3E5}.Debug|Any CPU.ActiveCfg = Debug|Any CPU
		{C0AAD781-5D89-46EE-A70E-7C734E83D3E5}.Debug|Any CPU.Build.0 = Debug|Any CPU
		{C0AAD781-5D89-46EE-A70E-7C734E83D3E5}.Debug|x64.ActiveCfg = Debug|Any CPU
		{C0AAD781-5D89-46EE-A70E-7C734E83D3E5}.Debug|x64.Build.0 = Debug|Any CPU
		{C0AAD781-5D89-46EE-A70E-7C734E83D3E5}.Release|Any CPU.ActiveCfg = Release|Any CPU
		{C0AAD781-5D89-46EE-A70E-7C734E83D3E5}.Release|Any CPU.Build.0 = Release|Any CPU
		{C0AAD781-5D89-46EE-A70E-7C734E83D3E5}.Release|x64.ActiveCfg = Release|Any CPU
		{C0AAD781-5D89-46EE-A70E-7C734E83D3E5}.Release|x64.Build.0 = Release|Any CPU
		{106C2D08-2C7F-4FBE-ABB0-CB1C98549895}.Debug|Any CPU.ActiveCfg = Debug|Any CPU
		{106C2D08-2C7F-4FBE-ABB0-CB1C98549895}.Debug|Any CPU.Build.0 = Debug|Any CPU
		{106C2D08-2C7F-4FBE-ABB0-CB1C98549895}.Debug|x64.ActiveCfg = Debug|Any CPU
		{106C2D08-2C7F-4FBE-ABB0-CB1C98549895}.Debug|x64.Build.0 = Debug|Any CPU
		{106C2D08-2C7F-4FBE-ABB0-CB1C98549895}.Release|Any CPU.ActiveCfg = Release|Any CPU
		{106C2D08-2C7F-4FBE-ABB0-CB1C98549895}.Release|Any CPU.Build.0 = Release|Any CPU
		{106C2D08-2C7F-4FBE-ABB0-CB1C98549895}.Release|x64.ActiveCfg = Release|Any CPU
		{106C2D08-2C7F-4FBE-ABB0-CB1C98549895}.Release|x64.Build.0 = Release|Any CPU
		{CBFD797A-0881-4676-8019-73B9A7353542}.Debug|Any CPU.ActiveCfg = Debug|Any CPU
		{CBFD797A-0881-4676-8019-73B9A7353542}.Debug|Any CPU.Build.0 = Debug|Any CPU
		{CBFD797A-0881-4676-8019-73B9A7353542}.Debug|x64.ActiveCfg = Debug|Any CPU
		{CBFD797A-0881-4676-8019-73B9A7353542}.Debug|x64.Build.0 = Debug|Any CPU
		{CBFD797A-0881-4676-8019-73B9A7353542}.Release|Any CPU.ActiveCfg = Release|Any CPU
		{CBFD797A-0881-4676-8019-73B9A7353542}.Release|Any CPU.Build.0 = Release|Any CPU
		{CBFD797A-0881-4676-8019-73B9A7353542}.Release|x64.ActiveCfg = Release|Any CPU
		{CBFD797A-0881-4676-8019-73B9A7353542}.Release|x64.Build.0 = Release|Any CPU
		{2F9D0E7D-DFF6-46E9-8851-D054DB804F2B}.Debug|Any CPU.ActiveCfg = Debug|Any CPU
		{2F9D0E7D-DFF6-46E9-8851-D054DB804F2B}.Debug|Any CPU.Build.0 = Debug|Any CPU
		{2F9D0E7D-DFF6-46E9-8851-D054DB804F2B}.Debug|x64.ActiveCfg = Debug|Any CPU
		{2F9D0E7D-DFF6-46E9-8851-D054DB804F2B}.Debug|x64.Build.0 = Debug|Any CPU
		{2F9D0E7D-DFF6-46E9-8851-D054DB804F2B}.Release|Any CPU.ActiveCfg = Release|Any CPU
		{2F9D0E7D-DFF6-46E9-8851-D054DB804F2B}.Release|Any CPU.Build.0 = Release|Any CPU
		{2F9D0E7D-DFF6-46E9-8851-D054DB804F2B}.Release|x64.ActiveCfg = Release|Any CPU
		{2F9D0E7D-DFF6-46E9-8851-D054DB804F2B}.Release|x64.Build.0 = Release|Any CPU
		{2049DE13-9857-47B6-A4A5-9CB4F0965BA1}.Debug|Any CPU.ActiveCfg = Debug|Any CPU
		{2049DE13-9857-47B6-A4A5-9CB4F0965BA1}.Debug|Any CPU.Build.0 = Debug|Any CPU
		{2049DE13-9857-47B6-A4A5-9CB4F0965BA1}.Debug|x64.ActiveCfg = Debug|Any CPU
		{2049DE13-9857-47B6-A4A5-9CB4F0965BA1}.Debug|x64.Build.0 = Debug|Any CPU
		{2049DE13-9857-47B6-A4A5-9CB4F0965BA1}.Release|Any CPU.ActiveCfg = Release|Any CPU
		{2049DE13-9857-47B6-A4A5-9CB4F0965BA1}.Release|Any CPU.Build.0 = Release|Any CPU
		{2049DE13-9857-47B6-A4A5-9CB4F0965BA1}.Release|x64.ActiveCfg = Release|Any CPU
		{2049DE13-9857-47B6-A4A5-9CB4F0965BA1}.Release|x64.Build.0 = Release|Any CPU
		{A0D09C8B-A003-473D-95AF-03E32F9C5B92}.Debug|Any CPU.ActiveCfg = Debug|Any CPU
		{A0D09C8B-A003-473D-95AF-03E32F9C5B92}.Debug|Any CPU.Build.0 = Debug|Any CPU
		{A0D09C8B-A003-473D-95AF-03E32F9C5B92}.Debug|x64.ActiveCfg = Debug|Any CPU
		{A0D09C8B-A003-473D-95AF-03E32F9C5B92}.Debug|x64.Build.0 = Debug|Any CPU
		{A0D09C8B-A003-473D-95AF-03E32F9C5B92}.Release|Any CPU.ActiveCfg = Release|Any CPU
		{A0D09C8B-A003-473D-95AF-03E32F9C5B92}.Release|Any CPU.Build.0 = Release|Any CPU
		{A0D09C8B-A003-473D-95AF-03E32F9C5B92}.Release|x64.ActiveCfg = Release|Any CPU
		{A0D09C8B-A003-473D-95AF-03E32F9C5B92}.Release|x64.Build.0 = Release|Any CPU
		{5E5A5C2B-74C9-4AE7-89B6-40C037CEF83E}.Debug|Any CPU.ActiveCfg = Debug|Any CPU
		{5E5A5C2B-74C9-4AE7-89B6-40C037CEF83E}.Debug|Any CPU.Build.0 = Debug|Any CPU
		{5E5A5C2B-74C9-4AE7-89B6-40C037CEF83E}.Debug|x64.ActiveCfg = Debug|Any CPU
		{5E5A5C2B-74C9-4AE7-89B6-40C037CEF83E}.Debug|x64.Build.0 = Debug|Any CPU
		{5E5A5C2B-74C9-4AE7-89B6-40C037CEF83E}.Release|Any CPU.ActiveCfg = Release|Any CPU
		{5E5A5C2B-74C9-4AE7-89B6-40C037CEF83E}.Release|Any CPU.Build.0 = Release|Any CPU
		{5E5A5C2B-74C9-4AE7-89B6-40C037CEF83E}.Release|x64.ActiveCfg = Release|Any CPU
		{5E5A5C2B-74C9-4AE7-89B6-40C037CEF83E}.Release|x64.Build.0 = Release|Any CPU
		{B59E78BC-4CAC-4D37-ADC6-6149E4F6A88B}.Debug|Any CPU.ActiveCfg = Debug|Any CPU
		{B59E78BC-4CAC-4D37-ADC6-6149E4F6A88B}.Debug|Any CPU.Build.0 = Debug|Any CPU
		{B59E78BC-4CAC-4D37-ADC6-6149E4F6A88B}.Debug|x64.ActiveCfg = Debug|Any CPU
		{B59E78BC-4CAC-4D37-ADC6-6149E4F6A88B}.Debug|x64.Build.0 = Debug|Any CPU
		{B59E78BC-4CAC-4D37-ADC6-6149E4F6A88B}.Release|Any CPU.ActiveCfg = Release|Any CPU
		{B59E78BC-4CAC-4D37-ADC6-6149E4F6A88B}.Release|Any CPU.Build.0 = Release|Any CPU
		{B59E78BC-4CAC-4D37-ADC6-6149E4F6A88B}.Release|x64.ActiveCfg = Release|Any CPU
		{B59E78BC-4CAC-4D37-ADC6-6149E4F6A88B}.Release|x64.Build.0 = Release|Any CPU
		{FA279717-D23E-4EAE-AB73-F99C01896D83}.Debug|Any CPU.ActiveCfg = Debug|Any CPU
		{FA279717-D23E-4EAE-AB73-F99C01896D83}.Debug|Any CPU.Build.0 = Debug|Any CPU
		{FA279717-D23E-4EAE-AB73-F99C01896D83}.Debug|x64.ActiveCfg = Debug|Any CPU
		{FA279717-D23E-4EAE-AB73-F99C01896D83}.Debug|x64.Build.0 = Debug|Any CPU
		{FA279717-D23E-4EAE-AB73-F99C01896D83}.Release|Any CPU.ActiveCfg = Release|Any CPU
		{FA279717-D23E-4EAE-AB73-F99C01896D83}.Release|Any CPU.Build.0 = Release|Any CPU
		{FA279717-D23E-4EAE-AB73-F99C01896D83}.Release|x64.ActiveCfg = Release|Any CPU
		{FA279717-D23E-4EAE-AB73-F99C01896D83}.Release|x64.Build.0 = Release|Any CPU
		{AFFD49FB-CB71-497D-9459-6F21F35DC208}.Debug|Any CPU.ActiveCfg = Debug|Any CPU
		{AFFD49FB-CB71-497D-9459-6F21F35DC208}.Debug|Any CPU.Build.0 = Debug|Any CPU
		{AFFD49FB-CB71-497D-9459-6F21F35DC208}.Debug|x64.ActiveCfg = Debug|Any CPU
		{AFFD49FB-CB71-497D-9459-6F21F35DC208}.Debug|x64.Build.0 = Debug|Any CPU
		{AFFD49FB-CB71-497D-9459-6F21F35DC208}.Release|Any CPU.ActiveCfg = Release|Any CPU
		{AFFD49FB-CB71-497D-9459-6F21F35DC208}.Release|Any CPU.Build.0 = Release|Any CPU
		{AFFD49FB-CB71-497D-9459-6F21F35DC208}.Release|x64.ActiveCfg = Release|Any CPU
		{AFFD49FB-CB71-497D-9459-6F21F35DC208}.Release|x64.Build.0 = Release|Any CPU
		{F30C70C3-E2C7-4C15-B5C1-8534E90465B7}.Debug|Any CPU.ActiveCfg = Debug|Any CPU
		{F30C70C3-E2C7-4C15-B5C1-8534E90465B7}.Debug|Any CPU.Build.0 = Debug|Any CPU
		{F30C70C3-E2C7-4C15-B5C1-8534E90465B7}.Debug|x64.ActiveCfg = Debug|Any CPU
		{F30C70C3-E2C7-4C15-B5C1-8534E90465B7}.Debug|x64.Build.0 = Debug|Any CPU
		{F30C70C3-E2C7-4C15-B5C1-8534E90465B7}.Release|Any CPU.ActiveCfg = Release|Any CPU
		{F30C70C3-E2C7-4C15-B5C1-8534E90465B7}.Release|Any CPU.Build.0 = Release|Any CPU
		{F30C70C3-E2C7-4C15-B5C1-8534E90465B7}.Release|x64.ActiveCfg = Release|Any CPU
		{F30C70C3-E2C7-4C15-B5C1-8534E90465B7}.Release|x64.Build.0 = Release|Any CPU
		{5D9187E3-9896-404B-8AAF-8C81CD0B5C01}.Debug|Any CPU.ActiveCfg = Debug|Any CPU
		{5D9187E3-9896-404B-8AAF-8C81CD0B5C01}.Debug|Any CPU.Build.0 = Debug|Any CPU
		{5D9187E3-9896-404B-8AAF-8C81CD0B5C01}.Debug|x64.ActiveCfg = Debug|Any CPU
		{5D9187E3-9896-404B-8AAF-8C81CD0B5C01}.Debug|x64.Build.0 = Debug|Any CPU
		{5D9187E3-9896-404B-8AAF-8C81CD0B5C01}.Release|Any CPU.ActiveCfg = Release|Any CPU
		{5D9187E3-9896-404B-8AAF-8C81CD0B5C01}.Release|Any CPU.Build.0 = Release|Any CPU
		{5D9187E3-9896-404B-8AAF-8C81CD0B5C01}.Release|x64.ActiveCfg = Release|Any CPU
		{5D9187E3-9896-404B-8AAF-8C81CD0B5C01}.Release|x64.Build.0 = Release|Any CPU
		{07D95E6F-13B9-42EC-907B-58E74B92F44B}.Debug|Any CPU.ActiveCfg = Debug|Any CPU
		{07D95E6F-13B9-42EC-907B-58E74B92F44B}.Debug|Any CPU.Build.0 = Debug|Any CPU
		{07D95E6F-13B9-42EC-907B-58E74B92F44B}.Debug|x64.ActiveCfg = Debug|Any CPU
		{07D95E6F-13B9-42EC-907B-58E74B92F44B}.Debug|x64.Build.0 = Debug|Any CPU
		{07D95E6F-13B9-42EC-907B-58E74B92F44B}.Release|Any CPU.ActiveCfg = Release|Any CPU
		{07D95E6F-13B9-42EC-907B-58E74B92F44B}.Release|Any CPU.Build.0 = Release|Any CPU
		{07D95E6F-13B9-42EC-907B-58E74B92F44B}.Release|x64.ActiveCfg = Release|Any CPU
		{07D95E6F-13B9-42EC-907B-58E74B92F44B}.Release|x64.Build.0 = Release|Any CPU
		{248AF517-EE72-4304-93A4-A7A5199CA7DE}.Debug|Any CPU.ActiveCfg = Debug|Any CPU
		{248AF517-EE72-4304-93A4-A7A5199CA7DE}.Debug|Any CPU.Build.0 = Debug|Any CPU
		{248AF517-EE72-4304-93A4-A7A5199CA7DE}.Debug|x64.ActiveCfg = Debug|Any CPU
		{248AF517-EE72-4304-93A4-A7A5199CA7DE}.Debug|x64.Build.0 = Debug|Any CPU
		{248AF517-EE72-4304-93A4-A7A5199CA7DE}.Release|Any CPU.ActiveCfg = Release|Any CPU
		{248AF517-EE72-4304-93A4-A7A5199CA7DE}.Release|Any CPU.Build.0 = Release|Any CPU
		{248AF517-EE72-4304-93A4-A7A5199CA7DE}.Release|x64.ActiveCfg = Release|Any CPU
		{248AF517-EE72-4304-93A4-A7A5199CA7DE}.Release|x64.Build.0 = Release|Any CPU
	EndGlobalSection
	GlobalSection(SolutionProperties) = preSolution
		HideSolutionNode = FALSE
	EndGlobalSection
	GlobalSection(NestedProjects) = preSolution
		{30EF2BCF-84F9-4A75-9C05-BE9B8B458BB3} = {42193C9A-FBBA-4FC5-A4B7-14384F8D9242}
		{69A3900B-FB50-4F7B-A9A3-03017C8F0923} = {42193C9A-FBBA-4FC5-A4B7-14384F8D9242}
		{AE47EB18-F310-45B4-ACFD-7D17781C3AA1} = {42193C9A-FBBA-4FC5-A4B7-14384F8D9242}
		{6AB2FB53-903B-4468-9FA5-D8A9097D68A9} = {42193C9A-FBBA-4FC5-A4B7-14384F8D9242}
		{432B2363-4F89-44BC-8A57-3ABBFE57CFE9} = {42193C9A-FBBA-4FC5-A4B7-14384F8D9242}
		{EE5AAA8B-CAE4-4E8D-AABF-7C13353C2C37} = {42193C9A-FBBA-4FC5-A4B7-14384F8D9242}
		{7FB7C695-5E3E-47BE-8757-BBFBFDFBFA0C} = {42193C9A-FBBA-4FC5-A4B7-14384F8D9242}
		{2A23EFCF-63A5-4584-98E2-13EAD9DCAEDB} = {42193C9A-FBBA-4FC5-A4B7-14384F8D9242}
		{BD9CA33F-D2A1-46B9-BEF8-0E190355907D} = {42193C9A-FBBA-4FC5-A4B7-14384F8D9242}
		{AA9DC7C5-5A65-4F52-B0BB-CCF49791FA2A} = {42193C9A-FBBA-4FC5-A4B7-14384F8D9242}
		{4608C789-0C6C-4C97-867D-48AC8BE6A3A4} = {42193C9A-FBBA-4FC5-A4B7-14384F8D9242}
		{43841570-0E70-4176-BC55-5FFE98FA6E28} = {42193C9A-FBBA-4FC5-A4B7-14384F8D9242}
		{C6257B6C-0718-4D40-A3A2-3C732EAAD5E7} = {42193C9A-FBBA-4FC5-A4B7-14384F8D9242}
		{6D55DDB2-F85F-48CF-8460-990E60D5CC6A} = {42193C9A-FBBA-4FC5-A4B7-14384F8D9242}
		{A0232B31-4DF8-4C12-AA80-5D65664B35D1} = {42193C9A-FBBA-4FC5-A4B7-14384F8D9242}
		{EFF81849-C438-4CF0-A056-ADA4C1D940B1} = {42193C9A-FBBA-4FC5-A4B7-14384F8D9242}
		{9CEA600B-0E29-4E92-A380-D1388B42ACEB} = {42193C9A-FBBA-4FC5-A4B7-14384F8D9242}
		{BC6F2EDF-63B6-4A25-9127-B9331C22DC56} = {42193C9A-FBBA-4FC5-A4B7-14384F8D9242}
		{D8A0BCE3-4946-4E51-ABB3-284AA965235E} = {42193C9A-FBBA-4FC5-A4B7-14384F8D9242}
		{8802B707-F6AC-41C5-B5D0-0AC07EE1879B} = {42193C9A-FBBA-4FC5-A4B7-14384F8D9242}
		{8D45FC89-3FAA-4862-A624-D7A3CA4102D4} = {42193C9A-FBBA-4FC5-A4B7-14384F8D9242}
		{C286C5C0-871D-4EFA-AA7D-FAC18114E0D4} = {42193C9A-FBBA-4FC5-A4B7-14384F8D9242}
		{9F25CC0C-5DEA-49F0-8A8E-1B9B7B2FEA67} = {42193C9A-FBBA-4FC5-A4B7-14384F8D9242}
		{C0AAD781-5D89-46EE-A70E-7C734E83D3E5} = {42193C9A-FBBA-4FC5-A4B7-14384F8D9242}
		{106C2D08-2C7F-4FBE-ABB0-CB1C98549895} = {42193C9A-FBBA-4FC5-A4B7-14384F8D9242}
		{CBFD797A-0881-4676-8019-73B9A7353542} = {42193C9A-FBBA-4FC5-A4B7-14384F8D9242}
		{2F9D0E7D-DFF6-46E9-8851-D054DB804F2B} = {42193C9A-FBBA-4FC5-A4B7-14384F8D9242}
		{2049DE13-9857-47B6-A4A5-9CB4F0965BA1} = {42193C9A-FBBA-4FC5-A4B7-14384F8D9242}
		{A0D09C8B-A003-473D-95AF-03E32F9C5B92} = {42193C9A-FBBA-4FC5-A4B7-14384F8D9242}
		{5E5A5C2B-74C9-4AE7-89B6-40C037CEF83E} = {42193C9A-FBBA-4FC5-A4B7-14384F8D9242}
		{B59E78BC-4CAC-4D37-ADC6-6149E4F6A88B} = {42193C9A-FBBA-4FC5-A4B7-14384F8D9242}
		{FA279717-D23E-4EAE-AB73-F99C01896D83} = {42193C9A-FBBA-4FC5-A4B7-14384F8D9242}
		{AFFD49FB-CB71-497D-9459-6F21F35DC208} = {42193C9A-FBBA-4FC5-A4B7-14384F8D9242}
		{F30C70C3-E2C7-4C15-B5C1-8534E90465B7} = {42193C9A-FBBA-4FC5-A4B7-14384F8D9242}
		{5D9187E3-9896-404B-8AAF-8C81CD0B5C01} = {42193C9A-FBBA-4FC5-A4B7-14384F8D9242}
		{07D95E6F-13B9-42EC-907B-58E74B92F44B} = {42193C9A-FBBA-4FC5-A4B7-14384F8D9242}
		{248AF517-EE72-4304-93A4-A7A5199CA7DE} = {42193C9A-FBBA-4FC5-A4B7-14384F8D9242}
	EndGlobalSection
	GlobalSection(ExtensibilityGlobals) = postSolution
		SolutionGuid = {AA34936E-CBE5-442A-8B0B-712F70CE1A33}
	EndGlobalSection
EndGlobal
